
Microsoft Visual Studio Solution File, Format Version 12.00
# Visual Studio 15
VisualStudioVersion = 15.0.27428.2037
MinimumVisualStudioVersion = 10.0.40219.1
Project("{FAE04EC0-301F-11D3-BF4B-00C04F79EFBC}") = "_WCF_DesktopClient", "_WCF_DesktopClient\_WCF_DesktopClient.csproj", "{6B295C5A-6A64-4F4B-8D79-A21E784CA133}"
EndProject
Global
	GlobalSection(SolutionConfigurationPlatforms) = preSolution
		Debug|Any CPU = Debug|Any CPU
		Release|Any CPU = Release|Any CPU
	EndGlobalSection
	GlobalSection(ProjectConfigurationPlatforms) = postSolution
		{6B295C5A-6A64-4F4B-8D79-A21E784CA133}.Debug|Any CPU.ActiveCfg = Debug|Any CPU
		{6B295C5A-6A64-4F4B-8D79-A21E784CA133}.Debug|Any CPU.Build.0 = Debug|Any CPU
		{6B295C5A-6A64-4F4B-8D79-A21E784CA133}.Release|Any CPU.ActiveCfg = Release|Any CPU
		{6B295C5A-6A64-4F4B-8D79-A21E784CA133}.Release|Any CPU.Build.0 = Release|Any CPU
	EndGlobalSection
	GlobalSection(SolutionProperties) = preSolution
		HideSolutionNode = FALSE
	EndGlobalSection
	GlobalSection(ExtensibilityGlobals) = postSolution
		SolutionGuid = {85088589-EE27-4D05-A0EB-4F475F9D647C}
	EndGlobalSection
EndGlobal
